
Microsoft Visual Studio Solution File, Format Version 12.00
# Visual Studio 15
VisualStudioVersion = 15.0.27703.2026
MinimumVisualStudioVersion = 10.0.40219.1
Project("{FAE04EC0-301F-11D3-BF4B-00C04F79EFBC}") = "FaceTest", "FaceTest\FaceTest.csproj", "{E5B9C5BD-C42D-4A11-B5F0-750E2EC33C10}"
EndProject
Project("{E24C65DC-7377-472B-9ABA-BC803B73C61A}") = "WebGetFace", "WebGetFace\", "{0A90A4E5-0231-481E-9380-302D0DBBB8AC}"
	ProjectSection(WebsiteProperties) = preProject
		TargetFrameworkMoniker = ".NETFramework,Version%3Dv4.0"
		Debug.AspNetCompiler.VirtualPath = "/localhost_54718"
		Debug.AspNetCompiler.PhysicalPath = "WebGetFace\"
		Debug.AspNetCompiler.TargetPath = "PrecompiledWeb\localhost_54718\"
		Debug.AspNetCompiler.Updateable = "true"
		Debug.AspNetCompiler.ForceOverwrite = "true"
		Debug.AspNetCompiler.FixedNames = "false"
		Debug.AspNetCompiler.Debug = "True"
		Release.AspNetCompiler.VirtualPath = "/localhost_54718"
		Release.AspNetCompiler.PhysicalPath = "WebGetFace\"
		Release.AspNetCompiler.TargetPath = "PrecompiledWeb\localhost_54718\"
		Release.AspNetCompiler.Updateable = "true"
		Release.AspNetCompiler.ForceOverwrite = "true"
		Release.AspNetCompiler.FixedNames = "false"
		Release.AspNetCompiler.Debug = "False"
		VWDPort = "54718"
		SlnRelativePath = "WebGetFace\"
		DefaultWebSiteLanguage = "Visual C#"
	EndProjectSection
EndProject
Project("{FAE04EC0-301F-11D3-BF4B-00C04F79EFBC}") = "PipiClient", "PipiClient\PipiClient.csproj", "{C19DA949-D643-40C7-857F-4555B15B37C8}"
EndProject
Global
	GlobalSection(SolutionConfigurationPlatforms) = preSolution
		Debug|Any CPU = Debug|Any CPU
		Release|Any CPU = Release|Any CPU
	EndGlobalSection
	GlobalSection(ProjectConfigurationPlatforms) = postSolution
		{E5B9C5BD-C42D-4A11-B5F0-750E2EC33C10}.Debug|Any CPU.ActiveCfg = Debug|Any CPU
		{E5B9C5BD-C42D-4A11-B5F0-750E2EC33C10}.Debug|Any CPU.Build.0 = Debug|Any CPU
		{E5B9C5BD-C42D-4A11-B5F0-750E2EC33C10}.Release|Any CPU.ActiveCfg = Release|Any CPU
		{E5B9C5BD-C42D-4A11-B5F0-750E2EC33C10}.Release|Any CPU.Build.0 = Release|Any CPU
		{0A90A4E5-0231-481E-9380-302D0DBBB8AC}.Debug|Any CPU.ActiveCfg = Debug|Any CPU
		{0A90A4E5-0231-481E-9380-302D0DBBB8AC}.Debug|Any CPU.Build.0 = Debug|Any CPU
		{0A90A4E5-0231-481E-9380-302D0DBBB8AC}.Release|Any CPU.ActiveCfg = Debug|Any CPU
		{0A90A4E5-0231-481E-9380-302D0DBBB8AC}.Release|Any CPU.Build.0 = Debug|Any CPU
		{C19DA949-D643-40C7-857F-4555B15B37C8}.Debug|Any CPU.ActiveCfg = Debug|Any CPU
		{C19DA949-D643-40C7-857F-4555B15B37C8}.Debug|Any CPU.Build.0 = Debug|Any CPU
		{C19DA949-D643-40C7-857F-4555B15B37C8}.Release|Any CPU.ActiveCfg = Release|Any CPU
		{C19DA949-D643-40C7-857F-4555B15B37C8}.Release|Any CPU.Build.0 = Release|Any CPU
	EndGlobalSection
	GlobalSection(SolutionProperties) = preSolution
		HideSolutionNode = FALSE
	EndGlobalSection
	GlobalSection(ExtensibilityGlobals) = postSolution
		SolutionGuid = {DC6AA322-74C5-4322-8126-C9171370BA08}
	EndGlobalSection
EndGlobal
